
Microsoft Visual Studio Solution File, Format Version 12.00
# Visual Studio 15
VisualStudioVersion = 15.0.28010.2003
MinimumVisualStudioVersion = 10.0.40219.1
Project("{9A19103F-16F7-4668-BE54-9A1E7A4F7556}") = "VRICODE", "VRICODE\VRICODE.csproj", "{D2115CAF-2C5A-4F86-AFD3-C969E67A6925}"
EndProject
Project("{FAE04EC0-301F-11D3-BF4B-00C04F79EFBC}") = "VRICODE.Models", "VRICODE.Models\VRICODE.Models.csproj", "{E316E216-FDA1-4B12-ABA9-17BE31727EC5}"
EndProject
Project("{FAE04EC0-301F-11D3-BF4B-00C04F79EFBC}") = "VRICODE.Data", "VRICODE.Data\VRICODE.Data.csproj", "{E45CD93A-93B5-470D-9E44-E4C288B69C57}"
EndProject
Global
	GlobalSection(SolutionConfigurationPlatforms) = preSolution
		Debug|Any CPU = Debug|Any CPU
		Release|Any CPU = Release|Any CPU
	EndGlobalSection
	GlobalSection(ProjectConfigurationPlatforms) = postSolution
		{D2115CAF-2C5A-4F86-AFD3-C969E67A6925}.Debug|Any CPU.ActiveCfg = Debug|Any CPU
		{D2115CAF-2C5A-4F86-AFD3-C969E67A6925}.Debug|Any CPU.Build.0 = Debug|Any CPU
		{D2115CAF-2C5A-4F86-AFD3-C969E67A6925}.Release|Any CPU.ActiveCfg = Release|Any CPU
		{D2115CAF-2C5A-4F86-AFD3-C969E67A6925}.Release|Any CPU.Build.0 = Release|Any CPU
		{E316E216-FDA1-4B12-ABA9-17BE31727EC5}.Debug|Any CPU.ActiveCfg = Debug|Any CPU
		{E316E216-FDA1-4B12-ABA9-17BE31727EC5}.Debug|Any CPU.Build.0 = Debug|Any CPU
		{E316E216-FDA1-4B12-ABA9-17BE31727EC5}.Release|Any CPU.ActiveCfg = Release|Any CPU
		{E316E216-FDA1-4B12-ABA9-17BE31727EC5}.Release|Any CPU.Build.0 = Release|Any CPU
		{E45CD93A-93B5-470D-9E44-E4C288B69C57}.Debug|Any CPU.ActiveCfg = Debug|Any CPU
		{E45CD93A-93B5-470D-9E44-E4C288B69C57}.Debug|Any CPU.Build.0 = Debug|Any CPU
		{E45CD93A-93B5-470D-9E44-E4C288B69C57}.Release|Any CPU.ActiveCfg = Release|Any CPU
		{E45CD93A-93B5-470D-9E44-E4C288B69C57}.Release|Any CPU.Build.0 = Release|Any CPU
	EndGlobalSection
	GlobalSection(SolutionProperties) = preSolution
		HideSolutionNode = FALSE
	EndGlobalSection
	GlobalSection(ExtensibilityGlobals) = postSolution
		SolutionGuid = {EDD7F4DC-C91F-4335-A65D-97EED3F8FEFF}
	EndGlobalSection
EndGlobal
